
Microsoft Visual Studio Solution File, Format Version 12.00
# Visual Studio 15
VisualStudioVersion = 15.0.27703.2042
MinimumVisualStudioVersion = 10.0.40219.1
Project("{FAE04EC0-301F-11D3-BF4B-00C04F79EFBC}") = "PingLog", "PingLog\PingLog.csproj", "{C10E978A-F2CC-4E4D-B7D4-3DB2FCEE3E3E}"
EndProject
Global
	GlobalSection(SolutionConfigurationPlatforms) = preSolution
		Debug|Any CPU = Debug|Any CPU
		Release|Any CPU = Release|Any CPU
	EndGlobalSection
	GlobalSection(ProjectConfigurationPlatforms) = postSolution
		{C10E978A-F2CC-4E4D-B7D4-3DB2FCEE3E3E}.Debug|Any CPU.ActiveCfg = Debug|Any CPU
		{C10E978A-F2CC-4E4D-B7D4-3DB2FCEE3E3E}.Debug|Any CPU.Build.0 = Debug|Any CPU
		{C10E978A-F2CC-4E4D-B7D4-3DB2FCEE3E3E}.Release|Any CPU.ActiveCfg = Release|Any CPU
		{C10E978A-F2CC-4E4D-B7D4-3DB2FCEE3E3E}.Release|Any CPU.Build.0 = Release|Any CPU
	EndGlobalSection
	GlobalSection(SolutionProperties) = preSolution
		HideSolutionNode = FALSE
	EndGlobalSection
	GlobalSection(ExtensibilityGlobals) = postSolution
		SolutionGuid = {AC4BA781-2D95-4BC7-A330-694392D5B270}
	EndGlobalSection
EndGlobal
